// !$*UTF8*$!
{
	archiveVersion = 1;
	classes = {
	};
	objectVersion = 77;
	objects = {

/* Begin PBXContainerItemProxy section */
		20879C172E0A143F00CF9C6E /* PBXContainerItemProxy */ = {
			isa = PBXContainerItemProxy;
			containerPortal = 20879C002E0A143E00CF9C6E /* Project object */;
			proxyType = 1;
			remoteGlobalIDString = 20879C072E0A143E00CF9C6E;
			remoteInfo = LunarClone;
		};
		20879C212E0A143F00CF9C6E /* PBXContainerItemProxy */ = {
			isa = PBXContainerItemProxy;
			containerPortal = 20879C002E0A143E00CF9C6E /* Project object */;
			proxyType = 1;
			remoteGlobalIDString = 20879C072E0A143E00CF9C6E;
			remoteInfo = LunarClone;
		};
/* End PBXContainerItemProxy section */

/* Begin PBXFileReference section */
		20879C082E0A143E00CF9C6E /* LunarClone.app */ = {isa = PBXFileReference; explicitFileType = wrapper.application; includeInIndex = 0; path = LunarClone.app; sourceTree = BUILT_PRODUCTS_DIR; };
		20879C162E0A143F00CF9C6E /* LunarCloneTests.xctest */ = {isa = PBXFileReference; explicitFileType = wrapper.cfbundle; includeInIndex = 0; path = LunarCloneTests.xctest; sourceTree = BUILT_PRODUCTS_DIR; };
		20879C202E0A143F00CF9C6E /* LunarCloneUITests.xctest */ = {isa = PBXFileReference; explicitFileType = wrapper.cfbundle; includeInIndex = 0; path = LunarCloneUITests.xctest; sourceTree = BUILT_PRODUCTS_DIR; };
/* End PBXFileReference section */

/* Begin PBXFileSystemSynchronizedRootGroup section */
		20879C0A2E0A143E00CF9C6E /* LunarClone */ = {
			isa = PBXFileSystemSynchronizedRootGroup;
			path = LunarClone;
			sourceTree = "<group>";
		};
		20879C192E0A143F00CF9C6E /* LunarCloneTests */ = {
			isa = PBXFileSystemSynchronizedRootGroup;
			path = LunarCloneTests;
			sourceTree = "<group>";
		};
		20879C232E0A143F00CF9C6E /* LunarCloneUITests */ = {
			isa = PBXFileSystemSynchronizedRootGroup;
			path = LunarCloneUITests;
			sourceTree = "<group>";
		};
/* End PBXFileSystemSynchronizedRootGroup section */

/* Begin PBXFrameworksBuildPhase section */
		20879C052E0A143E00CF9C6E /* Frameworks */ = {
			isa = PBXFrameworksBuildPhase;
			buildActionMask = 2147483647;
			files = (
			);
			runOnlyForDeploymentPostprocessing = 0;
		};
		20879C132E0A143F00CF9C6E /* Frameworks */ = {
			isa = PBXFrameworksBuildPhase;
			buildActionMask = 2147483647;
			files = (
			);
			runOnlyForDeploymentPostprocessing = 0;
		};
		20879C1D2E0A143F00CF9C6E /* Frameworks */ = {
			isa = PBXFrameworksBuildPhase;
			buildActionMask = 2147483647;
			files = (
			);
			runOnlyForDeploymentPostprocessing = 0;
		};
/* End PBXFrameworksBuildPhase section */

/* Begin PBXGroup section */
		20879BFF2E0A143E00CF9C6E = {
			isa = PBXGroup;
			children = (
				20879C0A2E0A143E00CF9C6E /* LunarClone */,
				20879C192E0A143F00CF9C6E /* LunarCloneTests */,
				20879C232E0A143F00CF9C6E /* LunarCloneUITests */,
				20879C092E0A143E00CF9C6E /* Products */,
			);
			sourceTree = "<group>";
		};
		20879C092E0A143E00CF9C6E /* Products */ = {
			isa = PBXGroup;
			children = (
				20879C082E0A143E00CF9C6E /* LunarClone.app */,
				20879C162E0A143F00CF9C6E /* LunarCloneTests.xctest */,
				20879C202E0A143F00CF9C6E /* LunarCloneUITests.xctest */,
			);
			name = Products;
			sourceTree = "<group>";
		};
/* End PBXGroup section */

/* Begin PBXNativeTarget section */
		20879C072E0A143E00CF9C6E /* LunarClone */ = {
			isa = PBXNativeTarget;
			buildConfigurationList = 20879C2A2E0A143F00CF9C6E /* Build configuration list for PBXNativeTarget "LunarClone" */;
			buildPhases = (
				20879C042E0A143E00CF9C6E /* Sources */,
				20879C052E0A143E00CF9C6E /* Frameworks */,
				20879C062E0A143E00CF9C6E /* Resources */,
			);
			buildRules = (
			);
			dependencies = (
			);
			fileSystemSynchronizedGroups = (
				20879C0A2E0A143E00CF9C6E /* LunarClone */,
			);
			name = LunarClone;
			packageProductDependencies = (
			);
			productName = LunarClone;
			productReference = 20879C082E0A143E00CF9C6E /* LunarClone.app */;
			productType = "com.apple.product-type.application";
		};
		20879C152E0A143F00CF9C6E /* LunarCloneTests */ = {
			isa = PBXNativeTarget;
			buildConfigurationList = 20879C2D2E0A143F00CF9C6E /* Build configuration list for PBXNativeTarget "LunarCloneTests" */;
			buildPhases = (
				20879C122E0A143F00CF9C6E /* Sources */,
				20879C132E0A143F00CF9C6E /* Frameworks */,
				20879C142E0A143F00CF9C6E /* Resources */,
			);
			buildRules = (
			);
			dependencies = (
				20879C182E0A143F00CF9C6E /* PBXTargetDependency */,
			);
			fileSystemSynchronizedGroups = (
				20879C192E0A143F00CF9C6E /* LunarCloneTests */,
			);
			name = LunarCloneTests;
			packageProductDependencies = (
			);
			productName = LunarCloneTests;
			productReference = 20879C162E0A143F00CF9C6E /* LunarCloneTests.xctest */;
			productType = "com.apple.product-type.bundle.unit-test";
		};
		20879C1F2E0A143F00CF9C6E /* LunarCloneUITests */ = {
			isa = PBXNativeTarget;
			buildConfigurationList = 20879C302E0A143F00CF9C6E /* Build configuration list for PBXNativeTarget "LunarCloneUITests" */;
			buildPhases = (
				20879C1C2E0A143F00CF9C6E /* Sources */,
				20879C1D2E0A143F00CF9C6E /* Frameworks */,
				20879C1E2E0A143F00CF9C6E /* Resources */,
			);
			buildRules = (
			);
			dependencies = (
				20879C222E0A143F00CF9C6E /* PBXTargetDependency */,
			);
			fileSystemSynchronizedGroups = (
				20879C232E0A143F00CF9C6E /* LunarCloneUITests */,
			);
			name = LunarCloneUITests;
			packageProductDependencies = (
			);
			productName = LunarCloneUITests;
			productReference = 20879C202E0A143F00CF9C6E /* LunarCloneUITests.xctest */;
			productType = "com.apple.product-type.bundle.ui-testing";
		};
/* End PBXNativeTarget section */

/* Begin PBXProject section */
		20879C002E0A143E00CF9C6E /* Project object */ = {
			isa = PBXProject;
			attributes = {
				BuildIndependentTargetsInParallel = 1;
				LastSwiftUpdateCheck = 1640;
				LastUpgradeCheck = 1640;
				TargetAttributes = {
					20879C072E0A143E00CF9C6E = {
						CreatedOnToolsVersion = 16.4;
					};
					20879C152E0A143F00CF9C6E = {
						CreatedOnToolsVersion = 16.4;
						TestTargetID = 20879C072E0A143E00CF9C6E;
					};
					20879C1F2E0A143F00CF9C6E = {
						CreatedOnToolsVersion = 16.4;
						TestTargetID = 20879C072E0A143E00CF9C6E;
					};
				};
			};
			buildConfigurationList = 20879C032E0A143E00CF9C6E /* Build configuration list for PBXProject "LunarClone" */;
			developmentRegion = en;
			hasScannedForEncodings = 0;
			knownRegions = (
				en,
				Base,
			);
			mainGroup = 20879BFF2E0A143E00CF9C6E;
			minimizedProjectReferenceProxies = 1;
			preferredProjectObjectVersion = 77;
			productRefGroup = 20879C092E0A143E00CF9C6E /* Products */;
			projectDirPath = "";
			projectRoot = "";
			targets = (
				20879C072E0A143E00CF9C6E /* LunarClone */,
				20879C152E0A143F00CF9C6E /* LunarCloneTests */,
				20879C1F2E0A143F00CF9C6E /* LunarCloneUITests */,
			);
		};
/* End PBXProject section */

/* Begin PBXResourcesBuildPhase section */
		20879C062E0A143E00CF9C6E /* Resources */ = {
			isa = PBXResourcesBuildPhase;
			buildActionMask = 2147483647;
			files = (
			);
			runOnlyForDeploymentPostprocessing = 0;
		};
		20879C142E0A143F00CF9C6E /* Resources */ = {
			isa = PBXResourcesBuildPhase;
			buildActionMask = 2147483647;
			files = (
			);
			runOnlyForDeploymentPostprocessing = 0;
		};
		20879C1E2E0A143F00CF9C6E /* Resources */ = {
			isa = PBXResourcesBuildPhase;
			buildActionMask = 2147483647;
			files = (
			);
			runOnlyForDeploymentPostprocessing = 0;
		};
/* End PBXResourcesBuildPhase section */

/* Begin PBXSourcesBuildPhase section */
		20879C042E0A143E00CF9C6E /* Sources */ = {
			isa = PBXSourcesBuildPhase;
			buildActionMask = 2147483647;
			files = (
			);
			runOnlyForDeploymentPostprocessing = 0;
		};
		20879C122E0A143F00CF9C6E /* Sources */ = {
			isa = PBXSourcesBuildPhase;
			buildActionMask = 2147483647;
			files = (
			);
			runOnlyForDeploymentPostprocessing = 0;
		};
		20879C1C2E0A143F00CF9C6E /* Sources */ = {
			isa = PBXSourcesBuildPhase;
			buildActionMask = 2147483647;
			files = (
			);
			runOnlyForDeploymentPostprocessing = 0;
		};
/* End PBXSourcesBuildPhase section */

/* Begin PBXTargetDependency section */
		20879C182E0A143F00CF9C6E /* PBXTargetDependency */ = {
			isa = PBXTargetDependency;
			target = 20879C072E0A143E00CF9C6E /* LunarClone */;
			targetProxy = 20879C172E0A143F00CF9C6E /* PBXContainerItemProxy */;
		};
		20879C222E0A143F00CF9C6E /* PBXTargetDependency */ = {
			isa = PBXTargetDependency;
			target = 20879C072E0A143E00CF9C6E /* LunarClone */;
			targetProxy = 20879C212E0A143F00CF9C6E /* PBXContainerItemProxy */;
		};
/* End PBXTargetDependency section */

/* Begin XCBuildConfiguration section */
		20879C282E0A143F00CF9C6E /* Debug */ = {
			isa = XCBuildConfiguration;
			buildSettings = {
				ALWAYS_SEARCH_USER_PATHS = NO;
				ASSETCATALOG_COMPILER_GENERATE_SWIFT_ASSET_SYMBOL_EXTENSIONS = YES;
				CLANG_ANALYZER_NONNULL = YES;
				CLANG_ANALYZER_NUMBER_OBJECT_CONVERSION = YES_AGGRESSIVE;
				CLANG_CXX_LANGUAGE_STANDARD = "gnu++20";
				CLANG_ENABLE_MODULES = YES;
				CLANG_ENABLE_OBJC_ARC = YES;
				CLANG_ENABLE_OBJC_WEAK = YES;
				CLANG_WARN_BLOCK_CAPTURE_AUTORELEASING = YES;
				CLANG_WARN_BOOL_CONVERSION = YES;
				CLANG_WARN_COMMA = YES;
				CLANG_WARN_CONSTANT_CONVERSION = YES;
				CLANG_WARN_DEPRECATED_OBJC_IMPLEMENTATIONS = YES;
				CLANG_WARN_DIRECT_OBJC_ISA_USAGE = YES_ERROR;
				CLANG_WARN_DOCUMENTATION_COMMENTS = YES;
				CLANG_WARN_EMPTY_BODY = YES;
				CLANG_WARN_ENUM_CONVERSION = YES;
				CLANG_WARN_INFINITE_RECURSION = YES;
				CLANG_WARN_INT_CONVERSION = YES;
				CLANG_WARN_NON_LITERAL_NULL_CONVERSION = YES;
				CLANG_WARN_OBJC_IMPLICIT_RETAIN_SELF = YES;
				CLANG_WARN_OBJC_LITERAL_CONVERSION = YES;
				CLANG_WARN_OBJC_ROOT_CLASS = YES_ERROR;
				CLANG_WARN_QUOTED_INCLUDE_IN_FRAMEWORK_HEADER = YES;
				CLANG_WARN_RANGE_LOOP_ANALYSIS = YES;
				CLANG_WARN_STRICT_PROTOTYPES = YES;
				CLANG_WARN_SUSPICIOUS_MOVE = YES;
				CLANG_WARN_UNGUARDED_AVAILABILITY = YES_AGGRESSIVE;
				CLANG_WARN_UNREACHABLE_CODE = YES;
				CLANG_WARN__DUPLICATE_METHOD_MATCH = YES;
				COPY_PHASE_STRIP = NO;
				DEBUG_INFORMATION_FORMAT = dwarf;
				ENABLE_STRICT_OBJC_MSGSEND = YES;
				ENABLE_TESTABILITY = YES;
				ENABLE_USER_SCRIPT_SANDBOXING = YES;
				GCC_C_LANGUAGE_STANDARD = gnu17;
				GCC_DYNAMIC_NO_PIC = NO;
				GCC_NO_COMMON_BLOCKS = YES;
				GCC_OPTIMIZATION_LEVEL = 0;
				GCC_PREPROCESSOR_DEFINITIONS = (
					"DEBUG=1",
					"$(inherited)",
				);
				GCC_WARN_64_TO_32_BIT_CONVERSION = YES;
				GCC_WARN_ABOUT_RETURN_TYPE = YES_ERROR;
				GCC_WARN_UNDECLARED_SELECTOR = YES;
				GCC_WARN_UNINITIALIZED_AUTOS = YES_AGGRESSIVE;
				GCC_WARN_UNUSED_FUNCTION = YES;
				GCC_WARN_UNUSED_VARIABLE = YES;
				LOCALIZATION_PREFERS_STRING_CATALOGS = YES;
				MACOSX_DEPLOYMENT_TARGET = 15.5;
				MTL_ENABLE_DEBUG_INFO = INCLUDE_SOURCE;
				MTL_FAST_MATH = YES;
				ONLY_ACTIVE_ARCH = YES;
				SDKROOT = macosx;
				SWIFT_ACTIVE_COMPILATION_CONDITIONS = "DEBUG $(inherited)";
				SWIFT_OPTIMIZATION_LEVEL = "-Onone";
			};
			name = Debug;
		};
		20879C292E0A143F00CF9C6E /* Release */ = {
			isa = XCBuildConfiguration;
			buildSettings = {
				ALWAYS_SEARCH_USER_PATHS = NO;
				ASSETCATALOG_COMPILER_GENERATE_SWIFT_ASSET_SYMBOL_EXTENSIONS = YES;
				CLANG_ANALYZER_NONNULL = YES;
				CLANG_ANALYZER_NUMBER_OBJECT_CONVERSION = YES_AGGRESSIVE;
				CLANG_CXX_LANGUAGE_STANDARD = "gnu++20";
				CLANG_ENABLE_MODULES = YES;
				CLANG_ENABLE_OBJC_ARC = YES;
				CLANG_ENABLE_OBJC_WEAK = YES;
				CLANG_WARN_BLOCK_CAPTURE_AUTORELEASING = YES;
				CLANG_WARN_BOOL_CONVERSION = YES;
				CLANG_WARN_COMMA = YES;
				CLANG_WARN_CONSTANT_CONVERSION = YES;
				CLANG_WARN_DEPRECATED_OBJC_IMPLEMENTATIONS = YES;
				CLANG_WARN_DIRECT_OBJC_ISA_USAGE = YES_ERROR;
				CLANG_WARN_DOCUMENTATION_COMMENTS = YES;
				CLANG_WARN_EMPTY_BODY = YES;
				CLANG_WARN_ENUM_CONVERSION = YES;
				CLANG_WARN_INFINITE_RECURSION = YES;
				CLANG_WARN_INT_CONVERSION = YES;
				CLANG_WARN_NON_LITERAL_NULL_CONVERSION = YES;
				CLANG_WARN_OBJC_IMPLICIT_RETAIN_SELF = YES;
				CLANG_WARN_OBJC_LITERAL_CONVERSION = YES;
				CLANG_WARN_OBJC_ROOT_CLASS = YES_ERROR;
				CLANG_WARN_QUOTED_INCLUDE_IN_FRAMEWORK_HEADER = YES;
				CLANG_WARN_RANGE_LOOP_ANALYSIS = YES;
				CLANG_WARN_STRICT_PROTOTYPES = YES;
				CLANG_WARN_SUSPICIOUS_MOVE = YES;
				CLANG_WARN_UNGUARDED_AVAILABILITY = YES_AGGRESSIVE;
				CLANG_WARN_UNREACHABLE_CODE = YES;
				CLANG_WARN__DUPLICATE_METHOD_MATCH = YES;
				COPY_PHASE_STRIP = NO;
				DEBUG_INFORMATION_FORMAT = "dwarf-with-dsym";
				ENABLE_NS_ASSERTIONS = NO;
				ENABLE_STRICT_OBJC_MSGSEND = YES;
				ENABLE_USER_SCRIPT_SANDBOXING = YES;
				GCC_C_LANGUAGE_STANDARD = gnu17;
				GCC_NO_COMMON_BLOCKS = YES;
				GCC_WARN_64_TO_32_BIT_CONVERSION = YES;
				GCC_WARN_ABOUT_RETURN_TYPE = YES_ERROR;
				GCC_WARN_UNDECLARED_SELECTOR = YES;
				GCC_WARN_UNINITIALIZED_AUTOS = YES_AGGRESSIVE;
				GCC_WARN_UNUSED_FUNCTION = YES;
				GCC_WARN_UNUSED_VARIABLE = YES;
				LOCALIZATION_PREFERS_STRING_CATALOGS = YES;
				MACOSX_DEPLOYMENT_TARGET = 15.5;
				MTL_ENABLE_DEBUG_INFO = NO;
				MTL_FAST_MATH = YES;
				SDKROOT = macosx;
				SWIFT_COMPILATION_MODE = wholemodule;
			};
			name = Release;
		};
		20879C2B2E0A143F00CF9C6E /* Debug */ = {
			isa = XCBuildConfiguration;
			buildSettings = {
				ASSETCATALOG_COMPILER_APPICON_NAME = AppIcon;
				ASSETCATALOG_COMPILER_GLOBAL_ACCENT_COLOR_NAME = AccentColor;
				CODE_SIGN_ENTITLEMENTS = LunarClone/LunarClone.entitlements;
				CODE_SIGN_STYLE = Automatic;
				COMBINE_HIDPI_IMAGES = YES;
				CURRENT_PROJECT_VERSION = 1;
				ENABLE_PREVIEWS = YES;
				GENERATE_INFOPLIST_FILE = YES;
				INFOPLIST_KEY_NSHumanReadableCopyright = "";
				LD_RUNPATH_SEARCH_PATHS = (
					"$(inherited)",
					"@executable_path/../Frameworks",
				);
				MARKETING_VERSION = 1.0;
				PRODUCT_BUNDLE_IDENTIFIER = michaelbrancazio.LunarClone;
				PRODUCT_NAME = "$(TARGET_NAME)";
				REGISTER_APP_GROUPS = YES;
				SWIFT_EMIT_LOC_STRINGS = YES;
				SWIFT_VERSION = 5.0;
			};
			name = Debug;
		};
		20879C2C2E0A143F00CF9C6E /* Release */ = {
			isa = XCBuildConfiguration;
			buildSettings = {
				ASSETCATALOG_COMPILER_APPICON_NAME = AppIcon;
				ASSETCATALOG_COMPILER_GLOBAL_ACCENT_COLOR_NAME = AccentColor;
				CODE_SIGN_ENTITLEMENTS = LunarClone/LunarClone.entitlements;
				CODE_SIGN_STYLE = Automatic;
				COMBINE_HIDPI_IMAGES = YES;
				CURRENT_PROJECT_VERSION = 1;
				ENABLE_PREVIEWS = YES;
				GENERATE_INFOPLIST_FILE = YES;
				INFOPLIST_KEY_NSHumanReadableCopyright = "";
				LD_RUNPATH_SEARCH_PATHS = (
					"$(inherited)",
					"@executable_path/../Frameworks",
				);
				MARKETING_VERSION = 1.0;
				PRODUCT_BUNDLE_IDENTIFIER = michaelbrancazio.LunarClone;
				PRODUCT_NAME = "$(TARGET_NAME)";
				REGISTER_APP_GROUPS = YES;
				SWIFT_EMIT_LOC_STRINGS = YES;
				SWIFT_VERSION = 5.0;
			};
			name = Release;
		};
		20879C2E2E0A143F00CF9C6E /* Debug */ = {
			isa = XCBuildConfiguration;
			buildSettings = {
				BUNDLE_LOADER = "$(TEST_HOST)";
				CODE_SIGN_STYLE = Automatic;
				CURRENT_PROJECT_VERSION = 1;
				GENERATE_INFOPLIST_FILE = YES;
				MACOSX_DEPLOYMENT_TARGET = 15.5;
				MARKETING_VERSION = 1.0;
				PRODUCT_BUNDLE_IDENTIFIER = michaelbrancazio.LunarCloneTests;
				PRODUCT_NAME = "$(TARGET_NAME)";
				SWIFT_EMIT_LOC_STRINGS = NO;
				SWIFT_VERSION = 5.0;
				TEST_HOST = "$(BUILT_PRODUCTS_DIR)/LunarClone.app/$(BUNDLE_EXECUTABLE_FOLDER_PATH)/LunarClone";
			};
			name = Debug;
		};
		20879C2F2E0A143F00CF9C6E /* Release */ = {
			isa = XCBuildConfiguration;
			buildSettings = {
				BUNDLE_LOADER = "$(TEST_HOST)";
				CODE_SIGN_STYLE = Automatic;
				CURRENT_PROJECT_VERSION = 1;
				GENERATE_INFOPLIST_FILE = YES;
				MACOSX_DEPLOYMENT_TARGET = 15.5;
				MARKETING_VERSION = 1.0;
				PRODUCT_BUNDLE_IDENTIFIER = michaelbrancazio.LunarCloneTests;
				PRODUCT_NAME = "$(TARGET_NAME)";
				SWIFT_EMIT_LOC_STRINGS = NO;
				SWIFT_VERSION = 5.0;
				TEST_HOST = "$(BUILT_PRODUCTS_DIR)/LunarClone.app/$(BUNDLE_EXECUTABLE_FOLDER_PATH)/LunarClone";
			};
			name = Release;
		};
		20879C312E0A143F00CF9C6E /* Debug */ = {
			isa = XCBuildConfiguration;
			buildSettings = {
				CODE_SIGN_STYLE = Automatic;
				CURRENT_PROJECT_VERSION = 1;
				GENERATE_INFOPLIST_FILE = YES;
				MARKETING_VERSION = 1.0;
				PRODUCT_BUNDLE_IDENTIFIER = michaelbrancazio.LunarCloneUITests;
				PRODUCT_NAME = "$(TARGET_NAME)";
				SWIFT_EMIT_LOC_STRINGS = NO;
				SWIFT_VERSION = 5.0;
				TEST_TARGET_NAME = LunarClone;
			};
			name = Debug;
		};
		20879C322E0A143F00CF9C6E /* Release */ = {
			isa = XCBuildConfiguration;
			buildSettings = {
				CODE_SIGN_STYLE = Automatic;
				CURRENT_PROJECT_VERSION = 1;
				GENERATE_INFOPLIST_FILE = YES;
				MARKETING_VERSION = 1.0;
				PRODUCT_BUNDLE_IDENTIFIER = michaelbrancazio.LunarCloneUITests;
				PRODUCT_NAME = "$(TARGET_NAME)";
				SWIFT_EMIT_LOC_STRINGS = NO;
				SWIFT_VERSION = 5.0;
				TEST_TARGET_NAME = LunarClone;
			};
			name = Release;
		};
/* End XCBuildConfiguration section */

/* Begin XCConfigurationList section */
		20879C032E0A143E00CF9C6E /* Build configuration list for PBXProject "LunarClone" */ = {
			isa = XCConfigurationList;
			buildConfigurations = (
				20879C282E0A143F00CF9C6E /* Debug */,
				20879C292E0A143F00CF9C6E /* Release */,
			);
			defaultConfigurationIsVisible = 0;
			defaultConfigurationName = Release;
		};
		20879C2A2E0A143F00CF9C6E /* Build configuration list for PBXNativeTarget "LunarClone" */ = {
			isa = XCConfigurationList;
			buildConfigurations = (
				20879C2B2E0A143F00CF9C6E /* Debug */,
				20879C2C2E0A143F00CF9C6E /* Release */,
			);
			defaultConfigurationIsVisible = 0;
			defaultConfigurationName = Release;
		};
		20879C2D2E0A143F00CF9C6E /* Build configuration list for PBXNativeTarget "LunarCloneTests" */ = {
			isa = XCConfigurationList;
			buildConfigurations = (
				20879C2E2E0A143F00CF9C6E /* Debug */,
				20879C2F2E0A143F00CF9C6E /* Release */,
			);
			defaultConfigurationIsVisible = 0;
			defaultConfigurationName = Release;
		};
		20879C302E0A143F00CF9C6E /* Build configuration list for PBXNativeTarget "LunarCloneUITests" */ = {
			isa = XCConfigurationList;
			buildConfigurations = (
				20879C312E0A143F00CF9C6E /* Debug */,
				20879C322E0A143F00CF9C6E /* Release */,
			);
			defaultConfigurationIsVisible = 0;
			defaultConfigurationName = Release;
		};
/* End XCConfigurationList section */
	};
	rootObject = 20879C002E0A143E00CF9C6E /* Project object */;
}
